
Microsoft Visual Studio Solution File, Format Version 12.00
# Visual Studio 14
VisualStudioVersion = 14.0.25420.1
MinimumVisualStudioVersion = 10.0.40219.1
Project("{FAE04EC0-301F-11D3-BF4B-00C04F79EFBC}") = "Havadis", "Havadis\Havadis\Havadis.csproj", "{E54CDC60-E907-4F14-A73C-A61DA701C593}"
EndProject
Project("{FAE04EC0-301F-11D3-BF4B-00C04F79EFBC}") = "Havadis.Droid", "Havadis\Havadis.Droid\Havadis.Droid.csproj", "{A70DC46F-2830-4A43-8F43-37D544B554C3}"
EndProject
Project("{FAE04EC0-301F-11D3-BF4B-00C04F79EFBC}") = "Havadis.iOS", "Havadis\Havadis.iOS\Havadis.iOS.csproj", "{E11CEB81-4D97-4D9E-A420-1EE6A50B6595}"
EndProject
Project("{FAE04EC0-301F-11D3-BF4B-00C04F79EFBC}") = "Havadis.WinPhone", "Havadis\Havadis.WinPhone\Havadis.WinPhone.csproj", "{3FDB757D-C509-4A5F-98D1-81761D939DEB}"
EndProject
Project("{FAE04EC0-301F-11D3-BF4B-00C04F79EFBC}") = "Havadis.UWP", "Havadis\Havadis.UWP\Havadis.UWP.csproj", "{4CA1B292-9AEF-441B-BBF9-F0DADD20147A}"
EndProject
Project("{FAE04EC0-301F-11D3-BF4B-00C04F79EFBC}") = "Havadis.Windows", "Havadis\Havadis.Windows\Havadis.Windows.csproj", "{249BB693-CF0C-4E50-B328-340A939386BD}"
EndProject
Project("{2150E333-8FDC-42A3-9474-1A3956D46DE8}") = "App", "App", "{9A5CBA55-E929-4CC2-90AA-1AA2C4BD9479}"
EndProject
Project("{2150E333-8FDC-42A3-9474-1A3956D46DE8}") = "Service", "Service", "{B94BBC34-AAD5-488C-8C01-7957222AD31C}"
EndProject
Project("{8BB2217D-0F2D-49D1-97BC-3654ED321F3B}") = "Havadis.API", "Havadis.API\Havadis.API.xproj", "{BA923866-6BD8-4A45-857B-9DBD50F8ED44}"
EndProject
Project("{2150E333-8FDC-42A3-9474-1A3956D46DE8}") = "WebJobs", "WebJobs", "{3769C96C-2EC9-4BB6-B817-8BBEEEEFE702}"
EndProject
Project("{FAE04EC0-301F-11D3-BF4B-00C04F79EFBC}") = "Havadis.WebJobs", "Havadis.WebJobs\Havadis.WebJobs.csproj", "{E7AB9455-4F44-443B-892A-1CE0231C9B69}"
EndProject
Global
	GlobalSection(SolutionConfigurationPlatforms) = preSolution
		Ad-Hoc|Any CPU = Ad-Hoc|Any CPU
		Ad-Hoc|ARM = Ad-Hoc|ARM
		Ad-Hoc|iPhone = Ad-Hoc|iPhone
		Ad-Hoc|iPhoneSimulator = Ad-Hoc|iPhoneSimulator
		Ad-Hoc|x64 = Ad-Hoc|x64
		Ad-Hoc|x86 = Ad-Hoc|x86
		AppStore|Any CPU = AppStore|Any CPU
		AppStore|ARM = AppStore|ARM
		AppStore|iPhone = AppStore|iPhone
		AppStore|iPhoneSimulator = AppStore|iPhoneSimulator
		AppStore|x64 = AppStore|x64
		AppStore|x86 = AppStore|x86
		Debug|Any CPU = Debug|Any CPU
		Debug|ARM = Debug|ARM
		Debug|iPhone = Debug|iPhone
		Debug|iPhoneSimulator = Debug|iPhoneSimulator
		Debug|x64 = Debug|x64
		Debug|x86 = Debug|x86
		Release|Any CPU = Release|Any CPU
		Release|ARM = Release|ARM
		Release|iPhone = Release|iPhone
		Release|iPhoneSimulator = Release|iPhoneSimulator
		Release|x64 = Release|x64
		Release|x86 = Release|x86
	EndGlobalSection
	GlobalSection(ProjectConfigurationPlatforms) = postSolution
		{E54CDC60-E907-4F14-A73C-A61DA701C593}.Ad-Hoc|Any CPU.ActiveCfg = Release|Any CPU
		{E54CDC60-E907-4F14-A73C-A61DA701C593}.Ad-Hoc|Any CPU.Build.0 = Release|Any CPU
		{E54CDC60-E907-4F14-A73C-A61DA701C593}.Ad-Hoc|ARM.ActiveCfg = Release|Any CPU
		{E54CDC60-E907-4F14-A73C-A61DA701C593}.Ad-Hoc|ARM.Build.0 = Release|Any CPU
		{E54CDC60-E907-4F14-A73C-A61DA701C593}.Ad-Hoc|iPhone.ActiveCfg = Release|Any CPU
		{E54CDC60-E907-4F14-A73C-A61DA701C593}.Ad-Hoc|iPhone.Build.0 = Release|Any CPU
		{E54CDC60-E907-4F14-A73C-A61DA701C593}.Ad-Hoc|iPhoneSimulator.ActiveCfg = Release|Any CPU
		{E54CDC60-E907-4F14-A73C-A61DA701C593}.Ad-Hoc|iPhoneSimulator.Build.0 = Release|Any CPU
		{E54CDC60-E907-4F14-A73C-A61DA701C593}.Ad-Hoc|x64.ActiveCfg = Release|Any CPU
		{E54CDC60-E907-4F14-A73C-A61DA701C593}.Ad-Hoc|x64.Build.0 = Release|Any CPU
		{E54CDC60-E907-4F14-A73C-A61DA701C593}.Ad-Hoc|x86.ActiveCfg = Release|Any CPU
		{E54CDC60-E907-4F14-A73C-A61DA701C593}.Ad-Hoc|x86.Build.0 = Release|Any CPU
		{E54CDC60-E907-4F14-A73C-A61DA701C593}.AppStore|Any CPU.ActiveCfg = Release|Any CPU
		{E54CDC60-E907-4F14-A73C-A61DA701C593}.AppStore|Any CPU.Build.0 = Release|Any CPU
		{E54CDC60-E907-4F14-A73C-A61DA701C593}.AppStore|ARM.ActiveCfg = Release|Any CPU
		{E54CDC60-E907-4F14-A73C-A61DA701C593}.AppStore|ARM.Build.0 = Release|Any CPU
		{E54CDC60-E907-4F14-A73C-A61DA701C593}.AppStore|iPhone.ActiveCfg = Release|Any CPU
		{E54CDC60-E907-4F14-A73C-A61DA701C593}.AppStore|iPhone.Build.0 = Release|Any CPU
		{E54CDC60-E907-4F14-A73C-A61DA701C593}.AppStore|iPhoneSimulator.ActiveCfg = Release|Any CPU
		{E54CDC60-E907-4F14-A73C-A61DA701C593}.AppStore|iPhoneSimulator.Build.0 = Release|Any CPU
		{E54CDC60-E907-4F14-A73C-A61DA701C593}.AppStore|x64.ActiveCfg = Release|Any CPU
		{E54CDC60-E907-4F14-A73C-A61DA701C593}.AppStore|x64.Build.0 = Release|Any CPU
		{E54CDC60-E907-4F14-A73C-A61DA701C593}.AppStore|x86.ActiveCfg = Release|Any CPU
		{E54CDC60-E907-4F14-A73C-A61DA701C593}.AppStore|x86.Build.0 = Release|Any CPU
		{E54CDC60-E907-4F14-A73C-A61DA701C593}.Debug|Any CPU.ActiveCfg = Debug|Any CPU
		{E54CDC60-E907-4F14-A73C-A61DA701C593}.Debug|Any CPU.Build.0 = Debug|Any CPU
		{E54CDC60-E907-4F14-A73C-A61DA701C593}.Debug|ARM.ActiveCfg = Debug|Any CPU
		{E54CDC60-E907-4F14-A73C-A61DA701C593}.Debug|ARM.Build.0 = Debug|Any CPU
		{E54CDC60-E907-4F14-A73C-A61DA701C593}.Debug|iPhone.ActiveCfg = Debug|Any CPU
		{E54CDC60-E907-4F14-A73C-A61DA701C593}.Debug|iPhone.Build.0 = Debug|Any CPU
		{E54CDC60-E907-4F14-A73C-A61DA701C593}.Debug|iPhoneSimulator.ActiveCfg = Debug|Any CPU
		{E54CDC60-E907-4F14-A73C-A61DA701C593}.Debug|iPhoneSimulator.Build.0 = Debug|Any CPU
		{E54CDC60-E907-4F14-A73C-A61DA701C593}.Debug|x64.ActiveCfg = Debug|Any CPU
		{E54CDC60-E907-4F14-A73C-A61DA701C593}.Debug|x64.Build.0 = Debug|Any CPU
		{E54CDC60-E907-4F14-A73C-A61DA701C593}.Debug|x86.ActiveCfg = Debug|Any CPU
		{E54CDC60-E907-4F14-A73C-A61DA701C593}.Debug|x86.Build.0 = Debug|Any CPU
		{E54CDC60-E907-4F14-A73C-A61DA701C593}.Release|Any CPU.ActiveCfg = Release|Any CPU
		{E54CDC60-E907-4F14-A73C-A61DA701C593}.Release|Any CPU.Build.0 = Release|Any CPU
		{E54CDC60-E907-4F14-A73C-A61DA701C593}.Release|ARM.ActiveCfg = Release|Any CPU
		{E54CDC60-E907-4F14-A73C-A61DA701C593}.Release|ARM.Build.0 = Release|Any CPU
		{E54CDC60-E907-4F14-A73C-A61DA701C593}.Release|iPhone.ActiveCfg = Release|Any CPU
		{E54CDC60-E907-4F14-A73C-A61DA701C593}.Release|iPhone.Build.0 = Release|Any CPU
		{E54CDC60-E907-4F14-A73C-A61DA701C593}.Release|iPhoneSimulator.ActiveCfg = Release|Any CPU
		{E54CDC60-E907-4F14-A73C-A61DA701C593}.Release|iPhoneSimulator.Build.0 = Release|Any CPU
		{E54CDC60-E907-4F14-A73C-A61DA701C593}.Release|x64.ActiveCfg = Release|Any CPU
		{E54CDC60-E907-4F14-A73C-A61DA701C593}.Release|x64.Build.0 = Release|Any CPU
		{E54CDC60-E907-4F14-A73C-A61DA701C593}.Release|x86.ActiveCfg = Release|Any CPU
		{E54CDC60-E907-4F14-A73C-A61DA701C593}.Release|x86.Build.0 = Release|Any CPU
		{A70DC46F-2830-4A43-8F43-37D544B554C3}.Ad-Hoc|Any CPU.ActiveCfg = Release|Any CPU
		{A70DC46F-2830-4A43-8F43-37D544B554C3}.Ad-Hoc|Any CPU.Build.0 = Release|Any CPU
		{A70DC46F-2830-4A43-8F43-37D544B554C3}.Ad-Hoc|Any CPU.Deploy.0 = Release|Any CPU
		{A70DC46F-2830-4A43-8F43-37D544B554C3}.Ad-Hoc|ARM.ActiveCfg = Release|Any CPU
		{A70DC46F-2830-4A43-8F43-37D544B554C3}.Ad-Hoc|ARM.Build.0 = Release|Any CPU
		{A70DC46F-2830-4A43-8F43-37D544B554C3}.Ad-Hoc|ARM.Deploy.0 = Release|Any CPU
		{A70DC46F-2830-4A43-8F43-37D544B554C3}.Ad-Hoc|iPhone.ActiveCfg = Release|Any CPU
		{A70DC46F-2830-4A43-8F43-37D544B554C3}.Ad-Hoc|iPhone.Build.0 = Release|Any CPU
		{A70DC46F-2830-4A43-8F43-37D544B554C3}.Ad-Hoc|iPhone.Deploy.0 = Release|Any CPU
		{A70DC46F-2830-4A43-8F43-37D544B554C3}.Ad-Hoc|iPhoneSimulator.ActiveCfg = Release|Any CPU
		{A70DC46F-2830-4A43-8F43-37D544B554C3}.Ad-Hoc|iPhoneSimulator.Build.0 = Release|Any CPU
		{A70DC46F-2830-4A43-8F43-37D544B554C3}.Ad-Hoc|iPhoneSimulator.Deploy.0 = Release|Any CPU
		{A70DC46F-2830-4A43-8F43-37D544B554C3}.Ad-Hoc|x64.ActiveCfg = Release|Any CPU
		{A70DC46F-2830-4A43-8F43-37D544B554C3}.Ad-Hoc|x64.Build.0 = Release|Any CPU
		{A70DC46F-2830-4A43-8F43-37D544B554C3}.Ad-Hoc|x64.Deploy.0 = Release|Any CPU
		{A70DC46F-2830-4A43-8F43-37D544B554C3}.Ad-Hoc|x86.ActiveCfg = Release|Any CPU
		{A70DC46F-2830-4A43-8F43-37D544B554C3}.Ad-Hoc|x86.Build.0 = Release|Any CPU
		{A70DC46F-2830-4A43-8F43-37D544B554C3}.Ad-Hoc|x86.Deploy.0 = Release|Any CPU
		{A70DC46F-2830-4A43-8F43-37D544B554C3}.AppStore|Any CPU.ActiveCfg = Release|Any CPU
		{A70DC46F-2830-4A43-8F43-37D544B554C3}.AppStore|Any CPU.Build.0 = Release|Any CPU
		{A70DC46F-2830-4A43-8F43-37D544B554C3}.AppStore|Any CPU.Deploy.0 = Release|Any CPU
		{A70DC46F-2830-4A43-8F43-37D544B554C3}.AppStore|ARM.ActiveCfg = Release|Any CPU
		{A70DC46F-2830-4A43-8F43-37D544B554C3}.AppStore|ARM.Build.0 = Release|Any CPU
		{A70DC46F-2830-4A43-8F43-37D544B554C3}.AppStore|ARM.Deploy.0 = Release|Any CPU
		{A70DC46F-2830-4A43-8F43-37D544B554C3}.AppStore|iPhone.ActiveCfg = Release|Any CPU
		{A70DC46F-2830-4A43-8F43-37D544B554C3}.AppStore|iPhone.Build.0 = Release|Any CPU
		{A70DC46F-2830-4A43-8F43-37D544B554C3}.AppStore|iPhone.Deploy.0 = Release|Any CPU
		{A70DC46F-2830-4A43-8F43-37D544B554C3}.AppStore|iPhoneSimulator.ActiveCfg = Release|Any CPU
		{A70DC46F-2830-4A43-8F43-37D544B554C3}.AppStore|iPhoneSimulator.Build.0 = Release|Any CPU
		{A70DC46F-2830-4A43-8F43-37D544B554C3}.AppStore|iPhoneSimulator.Deploy.0 = Release|Any CPU
		{A70DC46F-2830-4A43-8F43-37D544B554C3}.AppStore|x64.ActiveCfg = Release|Any CPU
		{A70DC46F-2830-4A43-8F43-37D544B554C3}.AppStore|x64.Build.0 = Release|Any CPU
		{A70DC46F-2830-4A43-8F43-37D544B554C3}.AppStore|x64.Deploy.0 = Release|Any CPU
		{A70DC46F-2830-4A43-8F43-37D544B554C3}.AppStore|x86.ActiveCfg = Release|Any CPU
		{A70DC46F-2830-4A43-8F43-37D544B554C3}.AppStore|x86.Build.0 = Release|Any CPU
		{A70DC46F-2830-4A43-8F43-37D544B554C3}.AppStore|x86.Deploy.0 = Release|Any CPU
		{A70DC46F-2830-4A43-8F43-37D544B554C3}.Debug|Any CPU.ActiveCfg = Debug|Any CPU
		{A70DC46F-2830-4A43-8F43-37D544B554C3}.Debug|Any CPU.Build.0 = Debug|Any CPU
		{A70DC46F-2830-4A43-8F43-37D544B554C3}.Debug|Any CPU.Deploy.0 = Debug|Any CPU
		{A70DC46F-2830-4A43-8F43-37D544B554C3}.Debug|ARM.ActiveCfg = Debug|Any CPU
		{A70DC46F-2830-4A43-8F43-37D544B554C3}.Debug|ARM.Build.0 = Debug|Any CPU
		{A70DC46F-2830-4A43-8F43-37D544B554C3}.Debug|ARM.Deploy.0 = Debug|Any CPU
		{A70DC46F-2830-4A43-8F43-37D544B554C3}.Debug|iPhone.ActiveCfg = Debug|Any CPU
		{A70DC46F-2830-4A43-8F43-37D544B554C3}.Debug|iPhone.Build.0 = Debug|Any CPU
		{A70DC46F-2830-4A43-8F43-37D544B554C3}.Debug|iPhone.Deploy.0 = Debug|Any CPU
		{A70DC46F-2830-4A43-8F43-37D544B554C3}.Debug|iPhoneSimulator.ActiveCfg = Debug|Any CPU
		{A70DC46F-2830-4A43-8F43-37D544B554C3}.Debug|iPhoneSimulator.Build.0 = Debug|Any CPU
		{A70DC46F-2830-4A43-8F43-37D544B554C3}.Debug|iPhoneSimulator.Deploy.0 = Debug|Any CPU
		{A70DC46F-2830-4A43-8F43-37D544B554C3}.Debug|x64.ActiveCfg = Debug|Any CPU
		{A70DC46F-2830-4A43-8F43-37D544B554C3}.Debug|x64.Build.0 = Debug|Any CPU
		{A70DC46F-2830-4A43-8F43-37D544B554C3}.Debug|x64.Deploy.0 = Debug|Any CPU
		{A70DC46F-2830-4A43-8F43-37D544B554C3}.Debug|x86.ActiveCfg = Debug|Any CPU
		{A70DC46F-2830-4A43-8F43-37D544B554C3}.Debug|x86.Build.0 = Debug|Any CPU
		{A70DC46F-2830-4A43-8F43-37D544B554C3}.Debug|x86.Deploy.0 = Debug|Any CPU
		{A70DC46F-2830-4A43-8F43-37D544B554C3}.Release|Any CPU.ActiveCfg = Release|Any CPU
		{A70DC46F-2830-4A43-8F43-37D544B554C3}.Release|Any CPU.Build.0 = Release|Any CPU
		{A70DC46F-2830-4A43-8F43-37D544B554C3}.Release|Any CPU.Deploy.0 = Release|Any CPU
		{A70DC46F-2830-4A43-8F43-37D544B554C3}.Release|ARM.ActiveCfg = Release|Any CPU
		{A70DC46F-2830-4A43-8F43-37D544B554C3}.Release|ARM.Build.0 = Release|Any CPU
		{A70DC46F-2830-4A43-8F43-37D544B554C3}.Release|ARM.Deploy.0 = Release|Any CPU
		{A70DC46F-2830-4A43-8F43-37D544B554C3}.Release|iPhone.ActiveCfg = Release|Any CPU
		{A70DC46F-2830-4A43-8F43-37D544B554C3}.Release|iPhone.Build.0 = Release|Any CPU
		{A70DC46F-2830-4A43-8F43-37D544B554C3}.Release|iPhone.Deploy.0 = Release|Any CPU
		{A70DC46F-2830-4A43-8F43-37D544B554C3}.Release|iPhoneSimulator.ActiveCfg = Release|Any CPU
		{A70DC46F-2830-4A43-8F43-37D544B554C3}.Release|iPhoneSimulator.Build.0 = Release|Any CPU
		{A70DC46F-2830-4A43-8F43-37D544B554C3}.Release|iPhoneSimulator.Deploy.0 = Release|Any CPU
		{A70DC46F-2830-4A43-8F43-37D544B554C3}.Release|x64.ActiveCfg = Release|Any CPU
		{A70DC46F-2830-4A43-8F43-37D544B554C3}.Release|x64.Build.0 = Release|Any CPU
		{A70DC46F-2830-4A43-8F43-37D544B554C3}.Release|x64.Deploy.0 = Release|Any CPU
		{A70DC46F-2830-4A43-8F43-37D544B554C3}.Release|x86.ActiveCfg = Release|Any CPU
		{A70DC46F-2830-4A43-8F43-37D544B554C3}.Release|x86.Build.0 = Release|Any CPU
		{A70DC46F-2830-4A43-8F43-37D544B554C3}.Release|x86.Deploy.0 = Release|Any CPU
		{E11CEB81-4D97-4D9E-A420-1EE6A50B6595}.Ad-Hoc|Any CPU.ActiveCfg = Ad-Hoc|iPhone
		{E11CEB81-4D97-4D9E-A420-1EE6A50B6595}.Ad-Hoc|ARM.ActiveCfg = Ad-Hoc|iPhone
		{E11CEB81-4D97-4D9E-A420-1EE6A50B6595}.Ad-Hoc|iPhone.ActiveCfg = Ad-Hoc|iPhone
		{E11CEB81-4D97-4D9E-A420-1EE6A50B6595}.Ad-Hoc|iPhone.Build.0 = Ad-Hoc|iPhone
		{E11CEB81-4D97-4D9E-A420-1EE6A50B6595}.Ad-Hoc|iPhoneSimulator.ActiveCfg = Ad-Hoc|iPhoneSimulator
		{E11CEB81-4D97-4D9E-A420-1EE6A50B6595}.Ad-Hoc|iPhoneSimulator.Build.0 = Ad-Hoc|iPhoneSimulator
		{E11CEB81-4D97-4D9E-A420-1EE6A50B6595}.Ad-Hoc|x64.ActiveCfg = Ad-Hoc|iPhone
		{E11CEB81-4D97-4D9E-A420-1EE6A50B6595}.Ad-Hoc|x86.ActiveCfg = Ad-Hoc|iPhone
		{E11CEB81-4D97-4D9E-A420-1EE6A50B6595}.AppStore|Any CPU.ActiveCfg = AppStore|iPhone
		{E11CEB81-4D97-4D9E-A420-1EE6A50B6595}.AppStore|ARM.ActiveCfg = AppStore|iPhone
		{E11CEB81-4D97-4D9E-A420-1EE6A50B6595}.AppStore|iPhone.ActiveCfg = AppStore|iPhone
		{E11CEB81-4D97-4D9E-A420-1EE6A50B6595}.AppStore|iPhone.Build.0 = AppStore|iPhone
		{E11CEB81-4D97-4D9E-A420-1EE6A50B6595}.AppStore|iPhoneSimulator.ActiveCfg = AppStore|iPhoneSimulator
		{E11CEB81-4D97-4D9E-A420-1EE6A50B6595}.AppStore|iPhoneSimulator.Build.0 = AppStore|iPhoneSimulator
		{E11CEB81-4D97-4D9E-A420-1EE6A50B6595}.AppStore|x64.ActiveCfg = AppStore|iPhone
		{E11CEB81-4D97-4D9E-A420-1EE6A50B6595}.AppStore|x86.ActiveCfg = AppStore|iPhone
		{E11CEB81-4D97-4D9E-A420-1EE6A50B6595}.Debug|Any CPU.ActiveCfg = Debug|iPhone
		{E11CEB81-4D97-4D9E-A420-1EE6A50B6595}.Debug|Any CPU.Build.0 = Debug|iPhone
		{E11CEB81-4D97-4D9E-A420-1EE6A50B6595}.Debug|ARM.ActiveCfg = Debug|iPhone
		{E11CEB81-4D97-4D9E-A420-1EE6A50B6595}.Debug|ARM.Build.0 = Debug|iPhone
		{E11CEB81-4D97-4D9E-A420-1EE6A50B6595}.Debug|iPhone.ActiveCfg = Debug|iPhone
		{E11CEB81-4D97-4D9E-A420-1EE6A50B6595}.Debug|iPhone.Build.0 = Debug|iPhone
		{E11CEB81-4D97-4D9E-A420-1EE6A50B6595}.Debug|iPhoneSimulator.ActiveCfg = Debug|iPhoneSimulator
		{E11CEB81-4D97-4D9E-A420-1EE6A50B6595}.Debug|iPhoneSimulator.Build.0 = Debug|iPhoneSimulator
		{E11CEB81-4D97-4D9E-A420-1EE6A50B6595}.Debug|x64.ActiveCfg = Debug|iPhone
		{E11CEB81-4D97-4D9E-A420-1EE6A50B6595}.Debug|x64.Build.0 = Debug|iPhone
		{E11CEB81-4D97-4D9E-A420-1EE6A50B6595}.Debug|x86.ActiveCfg = Debug|iPhone
		{E11CEB81-4D97-4D9E-A420-1EE6A50B6595}.Debug|x86.Build.0 = Debug|iPhone
		{E11CEB81-4D97-4D9E-A420-1EE6A50B6595}.Release|Any CPU.ActiveCfg = Release|iPhone
		{E11CEB81-4D97-4D9E-A420-1EE6A50B6595}.Release|ARM.ActiveCfg = Release|iPhone
		{E11CEB81-4D97-4D9E-A420-1EE6A50B6595}.Release|iPhone.ActiveCfg = Release|iPhone
		{E11CEB81-4D97-4D9E-A420-1EE6A50B6595}.Release|iPhone.Build.0 = Release|iPhone
		{E11CEB81-4D97-4D9E-A420-1EE6A50B6595}.Release|iPhoneSimulator.ActiveCfg = Release|iPhoneSimulator
		{E11CEB81-4D97-4D9E-A420-1EE6A50B6595}.Release|iPhoneSimulator.Build.0 = Release|iPhoneSimulator
		{E11CEB81-4D97-4D9E-A420-1EE6A50B6595}.Release|x64.ActiveCfg = Release|iPhone
		{E11CEB81-4D97-4D9E-A420-1EE6A50B6595}.Release|x86.ActiveCfg = Release|iPhone
		{3FDB757D-C509-4A5F-98D1-81761D939DEB}.Ad-Hoc|Any CPU.ActiveCfg = Release|Any CPU
		{3FDB757D-C509-4A5F-98D1-81761D939DEB}.Ad-Hoc|Any CPU.Build.0 = Release|Any CPU
		{3FDB757D-C509-4A5F-98D1-81761D939DEB}.Ad-Hoc|Any CPU.Deploy.0 = Release|Any CPU
		{3FDB757D-C509-4A5F-98D1-81761D939DEB}.Ad-Hoc|ARM.ActiveCfg = Release|ARM
		{3FDB757D-C509-4A5F-98D1-81761D939DEB}.Ad-Hoc|ARM.Build.0 = Release|ARM
		{3FDB757D-C509-4A5F-98D1-81761D939DEB}.Ad-Hoc|ARM.Deploy.0 = Release|ARM
		{3FDB757D-C509-4A5F-98D1-81761D939DEB}.Ad-Hoc|iPhone.ActiveCfg = Release|Any CPU
		{3FDB757D-C509-4A5F-98D1-81761D939DEB}.Ad-Hoc|iPhone.Build.0 = Release|Any CPU
		{3FDB757D-C509-4A5F-98D1-81761D939DEB}.Ad-Hoc|iPhone.Deploy.0 = Release|Any CPU
		{3FDB757D-C509-4A5F-98D1-81761D939DEB}.Ad-Hoc|iPhoneSimulator.ActiveCfg = Release|Any CPU
		{3FDB757D-C509-4A5F-98D1-81761D939DEB}.Ad-Hoc|iPhoneSimulator.Build.0 = Release|Any CPU
		{3FDB757D-C509-4A5F-98D1-81761D939DEB}.Ad-Hoc|iPhoneSimulator.Deploy.0 = Release|Any CPU
		{3FDB757D-C509-4A5F-98D1-81761D939DEB}.Ad-Hoc|x64.ActiveCfg = Release|Any CPU
		{3FDB757D-C509-4A5F-98D1-81761D939DEB}.Ad-Hoc|x64.Build.0 = Release|Any CPU
		{3FDB757D-C509-4A5F-98D1-81761D939DEB}.Ad-Hoc|x64.Deploy.0 = Release|Any CPU
		{3FDB757D-C509-4A5F-98D1-81761D939DEB}.Ad-Hoc|x86.ActiveCfg = Release|x86
		{3FDB757D-C509-4A5F-98D1-81761D939DEB}.Ad-Hoc|x86.Build.0 = Release|x86
		{3FDB757D-C509-4A5F-98D1-81761D939DEB}.Ad-Hoc|x86.Deploy.0 = Release|x86
		{3FDB757D-C509-4A5F-98D1-81761D939DEB}.AppStore|Any CPU.ActiveCfg = Release|Any CPU
		{3FDB757D-C509-4A5F-98D1-81761D939DEB}.AppStore|Any CPU.Build.0 = Release|Any CPU
		{3FDB757D-C509-4A5F-98D1-81761D939DEB}.AppStore|Any CPU.Deploy.0 = Release|Any CPU
		{3FDB757D-C509-4A5F-98D1-81761D939DEB}.AppStore|ARM.ActiveCfg = Release|ARM
		{3FDB757D-C509-4A5F-98D1-81761D939DEB}.AppStore|ARM.Build.0 = Release|ARM
		{3FDB757D-C509-4A5F-98D1-81761D939DEB}.AppStore|ARM.Deploy.0 = Release|ARM
		{3FDB757D-C509-4A5F-98D1-81761D939DEB}.AppStore|iPhone.ActiveCfg = Release|Any CPU
		{3FDB757D-C509-4A5F-98D1-81761D939DEB}.AppStore|iPhone.Build.0 = Release|Any CPU
		{3FDB757D-C509-4A5F-98D1-81761D939DEB}.AppStore|iPhone.Deploy.0 = Release|Any CPU
		{3FDB757D-C509-4A5F-98D1-81761D939DEB}.AppStore|iPhoneSimulator.ActiveCfg = Release|Any CPU
		{3FDB757D-C509-4A5F-98D1-81761D939DEB}.AppStore|iPhoneSimulator.Build.0 = Release|Any CPU
		{3FDB757D-C509-4A5F-98D1-81761D939DEB}.AppStore|iPhoneSimulator.Deploy.0 = Release|Any CPU
		{3FDB757D-C509-4A5F-98D1-81761D939DEB}.AppStore|x64.ActiveCfg = Release|Any CPU
		{3FDB757D-C509-4A5F-98D1-81761D939DEB}.AppStore|x64.Build.0 = Release|Any CPU
		{3FDB757D-C509-4A5F-98D1-81761D939DEB}.AppStore|x64.Deploy.0 = Release|Any CPU
		{3FDB757D-C509-4A5F-98D1-81761D939DEB}.AppStore|x86.ActiveCfg = Release|x86
		{3FDB757D-C509-4A5F-98D1-81761D939DEB}.AppStore|x86.Build.0 = Release|x86
		{3FDB757D-C509-4A5F-98D1-81761D939DEB}.AppStore|x86.Deploy.0 = Release|x86
		{3FDB757D-C509-4A5F-98D1-81761D939DEB}.Debug|Any CPU.ActiveCfg = Debug|Any CPU
		{3FDB757D-C509-4A5F-98D1-81761D939DEB}.Debug|Any CPU.Build.0 = Debug|Any CPU
		{3FDB757D-C509-4A5F-98D1-81761D939DEB}.Debug|Any CPU.Deploy.0 = Debug|Any CPU
		{3FDB757D-C509-4A5F-98D1-81761D939DEB}.Debug|ARM.ActiveCfg = Debug|ARM
		{3FDB757D-C509-4A5F-98D1-81761D939DEB}.Debug|ARM.Build.0 = Debug|ARM
		{3FDB757D-C509-4A5F-98D1-81761D939DEB}.Debug|ARM.Deploy.0 = Debug|ARM
		{3FDB757D-C509-4A5F-98D1-81761D939DEB}.Debug|iPhone.ActiveCfg = Debug|Any CPU
		{3FDB757D-C509-4A5F-98D1-81761D939DEB}.Debug|iPhone.Build.0 = Debug|Any CPU
		{3FDB757D-C509-4A5F-98D1-81761D939DEB}.Debug|iPhone.Deploy.0 = Debug|Any CPU
		{3FDB757D-C509-4A5F-98D1-81761D939DEB}.Debug|iPhoneSimulator.ActiveCfg = Debug|Any CPU
		{3FDB757D-C509-4A5F-98D1-81761D939DEB}.Debug|iPhoneSimulator.Build.0 = Debug|Any CPU
		{3FDB757D-C509-4A5F-98D1-81761D939DEB}.Debug|iPhoneSimulator.Deploy.0 = Debug|Any CPU
		{3FDB757D-C509-4A5F-98D1-81761D939DEB}.Debug|x64.ActiveCfg = Debug|Any CPU
		{3FDB757D-C509-4A5F-98D1-81761D939DEB}.Debug|x64.Build.0 = Debug|Any CPU
		{3FDB757D-C509-4A5F-98D1-81761D939DEB}.Debug|x64.Deploy.0 = Debug|Any CPU
		{3FDB757D-C509-4A5F-98D1-81761D939DEB}.Debug|x86.ActiveCfg = Debug|x86
		{3FDB757D-C509-4A5F-98D1-81761D939DEB}.Debug|x86.Build.0 = Debug|x86
		{3FDB757D-C509-4A5F-98D1-81761D939DEB}.Debug|x86.Deploy.0 = Debug|x86
		{3FDB757D-C509-4A5F-98D1-81761D939DEB}.Release|Any CPU.ActiveCfg = Release|Any CPU
		{3FDB757D-C509-4A5F-98D1-81761D939DEB}.Release|Any CPU.Build.0 = Release|Any CPU
		{3FDB757D-C509-4A5F-98D1-81761D939DEB}.Release|Any CPU.Deploy.0 = Release|Any CPU
		{3FDB757D-C509-4A5F-98D1-81761D939DEB}.Release|ARM.ActiveCfg = Release|ARM
		{3FDB757D-C509-4A5F-98D1-81761D939DEB}.Release|ARM.Build.0 = Release|ARM
		{3FDB757D-C509-4A5F-98D1-81761D939DEB}.Release|ARM.Deploy.0 = Release|ARM
		{3FDB757D-C509-4A5F-98D1-81761D939DEB}.Release|iPhone.ActiveCfg = Release|Any CPU
		{3FDB757D-C509-4A5F-98D1-81761D939DEB}.Release|iPhone.Build.0 = Release|Any CPU
		{3FDB757D-C509-4A5F-98D1-81761D939DEB}.Release|iPhone.Deploy.0 = Release|Any CPU
		{3FDB757D-C509-4A5F-98D1-81761D939DEB}.Release|iPhoneSimulator.ActiveCfg = Release|Any CPU
		{3FDB757D-C509-4A5F-98D1-81761D939DEB}.Release|iPhoneSimulator.Build.0 = Release|Any CPU
		{3FDB757D-C509-4A5F-98D1-81761D939DEB}.Release|iPhoneSimulator.Deploy.0 = Release|Any CPU
		{3FDB757D-C509-4A5F-98D1-81761D939DEB}.Release|x64.ActiveCfg = Release|Any CPU
		{3FDB757D-C509-4A5F-98D1-81761D939DEB}.Release|x64.Build.0 = Release|Any CPU
		{3FDB757D-C509-4A5F-98D1-81761D939DEB}.Release|x64.Deploy.0 = Release|Any CPU
		{3FDB757D-C509-4A5F-98D1-81761D939DEB}.Release|x86.ActiveCfg = Release|x86
		{3FDB757D-C509-4A5F-98D1-81761D939DEB}.Release|x86.Build.0 = Release|x86
		{3FDB757D-C509-4A5F-98D1-81761D939DEB}.Release|x86.Deploy.0 = Release|x86
		{4CA1B292-9AEF-441B-BBF9-F0DADD20147A}.Ad-Hoc|Any CPU.ActiveCfg = Release|x86
		{4CA1B292-9AEF-441B-BBF9-F0DADD20147A}.Ad-Hoc|Any CPU.Build.0 = Release|x86
		{4CA1B292-9AEF-441B-BBF9-F0DADD20147A}.Ad-Hoc|Any CPU.Deploy.0 = Release|x86
		{4CA1B292-9AEF-441B-BBF9-F0DADD20147A}.Ad-Hoc|ARM.ActiveCfg = Release|ARM
		{4CA1B292-9AEF-441B-BBF9-F0DADD20147A}.Ad-Hoc|ARM.Build.0 = Release|ARM
		{4CA1B292-9AEF-441B-BBF9-F0DADD20147A}.Ad-Hoc|ARM.Deploy.0 = Release|ARM
		{4CA1B292-9AEF-441B-BBF9-F0DADD20147A}.Ad-Hoc|iPhone.ActiveCfg = Release|x86
		{4CA1B292-9AEF-441B-BBF9-F0DADD20147A}.Ad-Hoc|iPhone.Build.0 = Release|x86
		{4CA1B292-9AEF-441B-BBF9-F0DADD20147A}.Ad-Hoc|iPhone.Deploy.0 = Release|x86
		{4CA1B292-9AEF-441B-BBF9-F0DADD20147A}.Ad-Hoc|iPhoneSimulator.ActiveCfg = Release|x86
		{4CA1B292-9AEF-441B-BBF9-F0DADD20147A}.Ad-Hoc|iPhoneSimulator.Build.0 = Release|x86
		{4CA1B292-9AEF-441B-BBF9-F0DADD20147A}.Ad-Hoc|iPhoneSimulator.Deploy.0 = Release|x86
		{4CA1B292-9AEF-441B-BBF9-F0DADD20147A}.Ad-Hoc|x64.ActiveCfg = Release|x64
		{4CA1B292-9AEF-441B-BBF9-F0DADD20147A}.Ad-Hoc|x64.Build.0 = Release|x64
		{4CA1B292-9AEF-441B-BBF9-F0DADD20147A}.Ad-Hoc|x64.Deploy.0 = Release|x64
		{4CA1B292-9AEF-441B-BBF9-F0DADD20147A}.Ad-Hoc|x86.ActiveCfg = Release|x86
		{4CA1B292-9AEF-441B-BBF9-F0DADD20147A}.Ad-Hoc|x86.Build.0 = Release|x86
		{4CA1B292-9AEF-441B-BBF9-F0DADD20147A}.Ad-Hoc|x86.Deploy.0 = Release|x86
		{4CA1B292-9AEF-441B-BBF9-F0DADD20147A}.AppStore|Any CPU.ActiveCfg = Release|x86
		{4CA1B292-9AEF-441B-BBF9-F0DADD20147A}.AppStore|Any CPU.Build.0 = Release|x86
		{4CA1B292-9AEF-441B-BBF9-F0DADD20147A}.AppStore|Any CPU.Deploy.0 = Release|x86
		{4CA1B292-9AEF-441B-BBF9-F0DADD20147A}.AppStore|ARM.ActiveCfg = Release|ARM
		{4CA1B292-9AEF-441B-BBF9-F0DADD20147A}.AppStore|ARM.Build.0 = Release|ARM
		{4CA1B292-9AEF-441B-BBF9-F0DADD20147A}.AppStore|ARM.Deploy.0 = Release|ARM
		{4CA1B292-9AEF-441B-BBF9-F0DADD20147A}.AppStore|iPhone.ActiveCfg = Release|x86
		{4CA1B292-9AEF-441B-BBF9-F0DADD20147A}.AppStore|iPhone.Build.0 = Release|x86
		{4CA1B292-9AEF-441B-BBF9-F0DADD20147A}.AppStore|iPhone.Deploy.0 = Release|x86
		{4CA1B292-9AEF-441B-BBF9-F0DADD20147A}.AppStore|iPhoneSimulator.ActiveCfg = Release|x86
		{4CA1B292-9AEF-441B-BBF9-F0DADD20147A}.AppStore|iPhoneSimulator.Build.0 = Release|x86
		{4CA1B292-9AEF-441B-BBF9-F0DADD20147A}.AppStore|iPhoneSimulator.Deploy.0 = Release|x86
		{4CA1B292-9AEF-441B-BBF9-F0DADD20147A}.AppStore|x64.ActiveCfg = Release|x64
		{4CA1B292-9AEF-441B-BBF9-F0DADD20147A}.AppStore|x64.Build.0 = Release|x64
		{4CA1B292-9AEF-441B-BBF9-F0DADD20147A}.AppStore|x64.Deploy.0 = Release|x64
		{4CA1B292-9AEF-441B-BBF9-F0DADD20147A}.AppStore|x86.ActiveCfg = Release|x86
		{4CA1B292-9AEF-441B-BBF9-F0DADD20147A}.AppStore|x86.Build.0 = Release|x86
		{4CA1B292-9AEF-441B-BBF9-F0DADD20147A}.AppStore|x86.Deploy.0 = Release|x86
		{4CA1B292-9AEF-441B-BBF9-F0DADD20147A}.Debug|Any CPU.ActiveCfg = Debug|x64
		{4CA1B292-9AEF-441B-BBF9-F0DADD20147A}.Debug|Any CPU.Build.0 = Debug|x64
		{4CA1B292-9AEF-441B-BBF9-F0DADD20147A}.Debug|Any CPU.Deploy.0 = Debug|x64
		{4CA1B292-9AEF-441B-BBF9-F0DADD20147A}.Debug|ARM.ActiveCfg = Debug|ARM
		{4CA1B292-9AEF-441B-BBF9-F0DADD20147A}.Debug|ARM.Build.0 = Debug|ARM
		{4CA1B292-9AEF-441B-BBF9-F0DADD20147A}.Debug|ARM.Deploy.0 = Debug|ARM
		{4CA1B292-9AEF-441B-BBF9-F0DADD20147A}.Debug|iPhone.ActiveCfg = Debug|x86
		{4CA1B292-9AEF-441B-BBF9-F0DADD20147A}.Debug|iPhone.Build.0 = Debug|x86
		{4CA1B292-9AEF-441B-BBF9-F0DADD20147A}.Debug|iPhone.Deploy.0 = Debug|x86
		{4CA1B292-9AEF-441B-BBF9-F0DADD20147A}.Debug|iPhoneSimulator.ActiveCfg = Debug|x86
		{4CA1B292-9AEF-441B-BBF9-F0DADD20147A}.Debug|iPhoneSimulator.Build.0 = Debug|x86
		{4CA1B292-9AEF-441B-BBF9-F0DADD20147A}.Debug|iPhoneSimulator.Deploy.0 = Debug|x86
		{4CA1B292-9AEF-441B-BBF9-F0DADD20147A}.Debug|x64.ActiveCfg = Debug|x64
		{4CA1B292-9AEF-441B-BBF9-F0DADD20147A}.Debug|x64.Build.0 = Debug|x64
		{4CA1B292-9AEF-441B-BBF9-F0DADD20147A}.Debug|x64.Deploy.0 = Debug|x64
		{4CA1B292-9AEF-441B-BBF9-F0DADD20147A}.Debug|x86.ActiveCfg = Debug|x86
		{4CA1B292-9AEF-441B-BBF9-F0DADD20147A}.Debug|x86.Build.0 = Debug|x86
		{4CA1B292-9AEF-441B-BBF9-F0DADD20147A}.Debug|x86.Deploy.0 = Debug|x86
		{4CA1B292-9AEF-441B-BBF9-F0DADD20147A}.Release|Any CPU.ActiveCfg = Release|x86
		{4CA1B292-9AEF-441B-BBF9-F0DADD20147A}.Release|ARM.ActiveCfg = Release|ARM
		{4CA1B292-9AEF-441B-BBF9-F0DADD20147A}.Release|ARM.Build.0 = Release|ARM
		{4CA1B292-9AEF-441B-BBF9-F0DADD20147A}.Release|ARM.Deploy.0 = Release|ARM
		{4CA1B292-9AEF-441B-BBF9-F0DADD20147A}.Release|iPhone.ActiveCfg = Release|x86
		{4CA1B292-9AEF-441B-BBF9-F0DADD20147A}.Release|iPhoneSimulator.ActiveCfg = Release|x86
		{4CA1B292-9AEF-441B-BBF9-F0DADD20147A}.Release|x64.ActiveCfg = Release|x64
		{4CA1B292-9AEF-441B-BBF9-F0DADD20147A}.Release|x64.Build.0 = Release|x64
		{4CA1B292-9AEF-441B-BBF9-F0DADD20147A}.Release|x64.Deploy.0 = Release|x64
		{4CA1B292-9AEF-441B-BBF9-F0DADD20147A}.Release|x86.ActiveCfg = Release|x86
		{4CA1B292-9AEF-441B-BBF9-F0DADD20147A}.Release|x86.Build.0 = Release|x86
		{4CA1B292-9AEF-441B-BBF9-F0DADD20147A}.Release|x86.Deploy.0 = Release|x86
		{249BB693-CF0C-4E50-B328-340A939386BD}.Ad-Hoc|Any CPU.ActiveCfg = Release|Any CPU
		{249BB693-CF0C-4E50-B328-340A939386BD}.Ad-Hoc|Any CPU.Build.0 = Release|Any CPU
		{249BB693-CF0C-4E50-B328-340A939386BD}.Ad-Hoc|Any CPU.Deploy.0 = Release|Any CPU
		{249BB693-CF0C-4E50-B328-340A939386BD}.Ad-Hoc|ARM.ActiveCfg = Release|ARM
		{249BB693-CF0C-4E50-B328-340A939386BD}.Ad-Hoc|ARM.Build.0 = Release|ARM
		{249BB693-CF0C-4E50-B328-340A939386BD}.Ad-Hoc|ARM.Deploy.0 = Release|ARM
		{249BB693-CF0C-4E50-B328-340A939386BD}.Ad-Hoc|iPhone.ActiveCfg = Release|Any CPU
		{249BB693-CF0C-4E50-B328-340A939386BD}.Ad-Hoc|iPhone.Build.0 = Release|Any CPU
		{249BB693-CF0C-4E50-B328-340A939386BD}.Ad-Hoc|iPhone.Deploy.0 = Release|Any CPU
		{249BB693-CF0C-4E50-B328-340A939386BD}.Ad-Hoc|iPhoneSimulator.ActiveCfg = Release|Any CPU
		{249BB693-CF0C-4E50-B328-340A939386BD}.Ad-Hoc|iPhoneSimulator.Build.0 = Release|Any CPU
		{249BB693-CF0C-4E50-B328-340A939386BD}.Ad-Hoc|iPhoneSimulator.Deploy.0 = Release|Any CPU
		{249BB693-CF0C-4E50-B328-340A939386BD}.Ad-Hoc|x64.ActiveCfg = Release|x64
		{249BB693-CF0C-4E50-B328-340A939386BD}.Ad-Hoc|x64.Build.0 = Release|x64
		{249BB693-CF0C-4E50-B328-340A939386BD}.Ad-Hoc|x64.Deploy.0 = Release|x64
		{249BB693-CF0C-4E50-B328-340A939386BD}.Ad-Hoc|x86.ActiveCfg = Release|x86
		{249BB693-CF0C-4E50-B328-340A939386BD}.Ad-Hoc|x86.Build.0 = Release|x86
		{249BB693-CF0C-4E50-B328-340A939386BD}.Ad-Hoc|x86.Deploy.0 = Release|x86
		{249BB693-CF0C-4E50-B328-340A939386BD}.AppStore|Any CPU.ActiveCfg = Release|Any CPU
		{249BB693-CF0C-4E50-B328-340A939386BD}.AppStore|Any CPU.Build.0 = Release|Any CPU
		{249BB693-CF0C-4E50-B328-340A939386BD}.AppStore|Any CPU.Deploy.0 = Release|Any CPU
		{249BB693-CF0C-4E50-B328-340A939386BD}.AppStore|ARM.ActiveCfg = Release|ARM
		{249BB693-CF0C-4E50-B328-340A939386BD}.AppStore|ARM.Build.0 = Release|ARM
		{249BB693-CF0C-4E50-B328-340A939386BD}.AppStore|ARM.Deploy.0 = Release|ARM
		{249BB693-CF0C-4E50-B328-340A939386BD}.AppStore|iPhone.ActiveCfg = Release|Any CPU
		{249BB693-CF0C-4E50-B328-340A939386BD}.AppStore|iPhone.Build.0 = Release|Any CPU
		{249BB693-CF0C-4E50-B328-340A939386BD}.AppStore|iPhone.Deploy.0 = Release|Any CPU
		{249BB693-CF0C-4E50-B328-340A939386BD}.AppStore|iPhoneSimulator.ActiveCfg = Release|Any CPU
		{249BB693-CF0C-4E50-B328-340A939386BD}.AppStore|iPhoneSimulator.Build.0 = Release|Any CPU
		{249BB693-CF0C-4E50-B328-340A939386BD}.AppStore|iPhoneSimulator.Deploy.0 = Release|Any CPU
		{249BB693-CF0C-4E50-B328-340A939386BD}.AppStore|x64.ActiveCfg = Release|x64
		{249BB693-CF0C-4E50-B328-340A939386BD}.AppStore|x64.Build.0 = Release|x64
		{249BB693-CF0C-4E50-B328-340A939386BD}.AppStore|x64.Deploy.0 = Release|x64
		{249BB693-CF0C-4E50-B328-340A939386BD}.AppStore|x86.ActiveCfg = Release|x86
		{249BB693-CF0C-4E50-B328-340A939386BD}.AppStore|x86.Build.0 = Release|x86
		{249BB693-CF0C-4E50-B328-340A939386BD}.AppStore|x86.Deploy.0 = Release|x86
		{249BB693-CF0C-4E50-B328-340A939386BD}.Debug|Any CPU.ActiveCfg = Debug|Any CPU
		{249BB693-CF0C-4E50-B328-340A939386BD}.Debug|Any CPU.Build.0 = Debug|Any CPU
		{249BB693-CF0C-4E50-B328-340A939386BD}.Debug|Any CPU.Deploy.0 = Debug|Any CPU
		{249BB693-CF0C-4E50-B328-340A939386BD}.Debug|ARM.ActiveCfg = Debug|ARM
		{249BB693-CF0C-4E50-B328-340A939386BD}.Debug|ARM.Build.0 = Debug|ARM
		{249BB693-CF0C-4E50-B328-340A939386BD}.Debug|ARM.Deploy.0 = Debug|ARM
		{249BB693-CF0C-4E50-B328-340A939386BD}.Debug|iPhone.ActiveCfg = Debug|Any CPU
		{249BB693-CF0C-4E50-B328-340A939386BD}.Debug|iPhone.Build.0 = Debug|Any CPU
		{249BB693-CF0C-4E50-B328-340A939386BD}.Debug|iPhone.Deploy.0 = Debug|Any CPU
		{249BB693-CF0C-4E50-B328-340A939386BD}.Debug|iPhoneSimulator.ActiveCfg = Debug|Any CPU
		{249BB693-CF0C-4E50-B328-340A939386BD}.Debug|iPhoneSimulator.Build.0 = Debug|Any CPU
		{249BB693-CF0C-4E50-B328-340A939386BD}.Debug|iPhoneSimulator.Deploy.0 = Debug|Any CPU
		{249BB693-CF0C-4E50-B328-340A939386BD}.Debug|x64.ActiveCfg = Debug|x64
		{249BB693-CF0C-4E50-B328-340A939386BD}.Debug|x64.Build.0 = Debug|x64
		{249BB693-CF0C-4E50-B328-340A939386BD}.Debug|x64.Deploy.0 = Debug|x64
		{249BB693-CF0C-4E50-B328-340A939386BD}.Debug|x86.ActiveCfg = Debug|x86
		{249BB693-CF0C-4E50-B328-340A939386BD}.Debug|x86.Build.0 = Debug|x86
		{249BB693-CF0C-4E50-B328-340A939386BD}.Debug|x86.Deploy.0 = Debug|x86
		{249BB693-CF0C-4E50-B328-340A939386BD}.Release|Any CPU.ActiveCfg = Release|Any CPU
		{249BB693-CF0C-4E50-B328-340A939386BD}.Release|Any CPU.Build.0 = Release|Any CPU
		{249BB693-CF0C-4E50-B328-340A939386BD}.Release|Any CPU.Deploy.0 = Release|Any CPU
		{249BB693-CF0C-4E50-B328-340A939386BD}.Release|ARM.ActiveCfg = Release|ARM
		{249BB693-CF0C-4E50-B328-340A939386BD}.Release|ARM.Build.0 = Release|ARM
		{249BB693-CF0C-4E50-B328-340A939386BD}.Release|ARM.Deploy.0 = Release|ARM
		{249BB693-CF0C-4E50-B328-340A939386BD}.Release|iPhone.ActiveCfg = Release|Any CPU
		{249BB693-CF0C-4E50-B328-340A939386BD}.Release|iPhone.Build.0 = Release|Any CPU
		{249BB693-CF0C-4E50-B328-340A939386BD}.Release|iPhone.Deploy.0 = Release|Any CPU
		{249BB693-CF0C-4E50-B328-340A939386BD}.Release|iPhoneSimulator.ActiveCfg = Release|Any CPU
		{249BB693-CF0C-4E50-B328-340A939386BD}.Release|iPhoneSimulator.Build.0 = Release|Any CPU
		{249BB693-CF0C-4E50-B328-340A939386BD}.Release|iPhoneSimulator.Deploy.0 = Release|Any CPU
		{249BB693-CF0C-4E50-B328-340A939386BD}.Release|x64.ActiveCfg = Release|x64
		{249BB693-CF0C-4E50-B328-340A939386BD}.Release|x64.Build.0 = Release|x64
		{249BB693-CF0C-4E50-B328-340A939386BD}.Release|x64.Deploy.0 = Release|x64
		{249BB693-CF0C-4E50-B328-340A939386BD}.Release|x86.ActiveCfg = Release|x86
		{249BB693-CF0C-4E50-B328-340A939386BD}.Release|x86.Build.0 = Release|x86
		{249BB693-CF0C-4E50-B328-340A939386BD}.Release|x86.Deploy.0 = Release|x86
		{BA923866-6BD8-4A45-857B-9DBD50F8ED44}.Ad-Hoc|Any CPU.ActiveCfg = Debug|Any CPU
		{BA923866-6BD8-4A45-857B-9DBD50F8ED44}.Ad-Hoc|Any CPU.Build.0 = Debug|Any CPU
		{BA923866-6BD8-4A45-857B-9DBD50F8ED44}.Ad-Hoc|ARM.ActiveCfg = Debug|Any CPU
		{BA923866-6BD8-4A45-857B-9DBD50F8ED44}.Ad-Hoc|ARM.Build.0 = Debug|Any CPU
		{BA923866-6BD8-4A45-857B-9DBD50F8ED44}.Ad-Hoc|iPhone.ActiveCfg = Debug|Any CPU
		{BA923866-6BD8-4A45-857B-9DBD50F8ED44}.Ad-Hoc|iPhone.Build.0 = Debug|Any CPU
		{BA923866-6BD8-4A45-857B-9DBD50F8ED44}.Ad-Hoc|iPhoneSimulator.ActiveCfg = Debug|Any CPU
		{BA923866-6BD8-4A45-857B-9DBD50F8ED44}.Ad-Hoc|iPhoneSimulator.Build.0 = Debug|Any CPU
		{BA923866-6BD8-4A45-857B-9DBD50F8ED44}.Ad-Hoc|x64.ActiveCfg = Debug|Any CPU
		{BA923866-6BD8-4A45-857B-9DBD50F8ED44}.Ad-Hoc|x64.Build.0 = Debug|Any CPU
		{BA923866-6BD8-4A45-857B-9DBD50F8ED44}.Ad-Hoc|x86.ActiveCfg = Debug|Any CPU
		{BA923866-6BD8-4A45-857B-9DBD50F8ED44}.Ad-Hoc|x86.Build.0 = Debug|Any CPU
		{BA923866-6BD8-4A45-857B-9DBD50F8ED44}.AppStore|Any CPU.ActiveCfg = Debug|Any CPU
		{BA923866-6BD8-4A45-857B-9DBD50F8ED44}.AppStore|Any CPU.Build.0 = Debug|Any CPU
		{BA923866-6BD8-4A45-857B-9DBD50F8ED44}.AppStore|ARM.ActiveCfg = Debug|Any CPU
		{BA923866-6BD8-4A45-857B-9DBD50F8ED44}.AppStore|ARM.Build.0 = Debug|Any CPU
		{BA923866-6BD8-4A45-857B-9DBD50F8ED44}.AppStore|iPhone.ActiveCfg = Debug|Any CPU
		{BA923866-6BD8-4A45-857B-9DBD50F8ED44}.AppStore|iPhone.Build.0 = Debug|Any CPU
		{BA923866-6BD8-4A45-857B-9DBD50F8ED44}.AppStore|iPhoneSimulator.ActiveCfg = Debug|Any CPU
		{BA923866-6BD8-4A45-857B-9DBD50F8ED44}.AppStore|iPhoneSimulator.Build.0 = Debug|Any CPU
		{BA923866-6BD8-4A45-857B-9DBD50F8ED44}.AppStore|x64.ActiveCfg = Debug|Any CPU
		{BA923866-6BD8-4A45-857B-9DBD50F8ED44}.AppStore|x64.Build.0 = Debug|Any CPU
		{BA923866-6BD8-4A45-857B-9DBD50F8ED44}.AppStore|x86.ActiveCfg = Debug|Any CPU
		{BA923866-6BD8-4A45-857B-9DBD50F8ED44}.AppStore|x86.Build.0 = Debug|Any CPU
		{BA923866-6BD8-4A45-857B-9DBD50F8ED44}.Debug|Any CPU.ActiveCfg = Debug|Any CPU
		{BA923866-6BD8-4A45-857B-9DBD50F8ED44}.Debug|Any CPU.Build.0 = Debug|Any CPU
		{BA923866-6BD8-4A45-857B-9DBD50F8ED44}.Debug|ARM.ActiveCfg = Debug|Any CPU
		{BA923866-6BD8-4A45-857B-9DBD50F8ED44}.Debug|ARM.Build.0 = Debug|Any CPU
		{BA923866-6BD8-4A45-857B-9DBD50F8ED44}.Debug|iPhone.ActiveCfg = Debug|Any CPU
		{BA923866-6BD8-4A45-857B-9DBD50F8ED44}.Debug|iPhone.Build.0 = Debug|Any CPU
		{BA923866-6BD8-4A45-857B-9DBD50F8ED44}.Debug|iPhoneSimulator.ActiveCfg = Debug|Any CPU
		{BA923866-6BD8-4A45-857B-9DBD50F8ED44}.Debug|iPhoneSimulator.Build.0 = Debug|Any CPU
		{BA923866-6BD8-4A45-857B-9DBD50F8ED44}.Debug|x64.ActiveCfg = Debug|Any CPU
		{BA923866-6BD8-4A45-857B-9DBD50F8ED44}.Debug|x64.Build.0 = Debug|Any CPU
		{BA923866-6BD8-4A45-857B-9DBD50F8ED44}.Debug|x86.ActiveCfg = Debug|Any CPU
		{BA923866-6BD8-4A45-857B-9DBD50F8ED44}.Debug|x86.Build.0 = Debug|Any CPU
		{BA923866-6BD8-4A45-857B-9DBD50F8ED44}.Release|Any CPU.ActiveCfg = Release|Any CPU
		{BA923866-6BD8-4A45-857B-9DBD50F8ED44}.Release|Any CPU.Build.0 = Release|Any CPU
		{BA923866-6BD8-4A45-857B-9DBD50F8ED44}.Release|ARM.ActiveCfg = Release|Any CPU
		{BA923866-6BD8-4A45-857B-9DBD50F8ED44}.Release|ARM.Build.0 = Release|Any CPU
		{BA923866-6BD8-4A45-857B-9DBD50F8ED44}.Release|iPhone.ActiveCfg = Release|Any CPU
		{BA923866-6BD8-4A45-857B-9DBD50F8ED44}.Release|iPhone.Build.0 = Release|Any CPU
		{BA923866-6BD8-4A45-857B-9DBD50F8ED44}.Release|iPhoneSimulator.ActiveCfg = Release|Any CPU
		{BA923866-6BD8-4A45-857B-9DBD50F8ED44}.Release|iPhoneSimulator.Build.0 = Release|Any CPU
		{BA923866-6BD8-4A45-857B-9DBD50F8ED44}.Release|x64.ActiveCfg = Release|Any CPU
		{BA923866-6BD8-4A45-857B-9DBD50F8ED44}.Release|x64.Build.0 = Release|Any CPU
		{BA923866-6BD8-4A45-857B-9DBD50F8ED44}.Release|x86.ActiveCfg = Release|Any CPU
		{BA923866-6BD8-4A45-857B-9DBD50F8ED44}.Release|x86.Build.0 = Release|Any CPU
		{E7AB9455-4F44-443B-892A-1CE0231C9B69}.Ad-Hoc|Any CPU.ActiveCfg = Release|Any CPU
		{E7AB9455-4F44-443B-892A-1CE0231C9B69}.Ad-Hoc|Any CPU.Build.0 = Release|Any CPU
		{E7AB9455-4F44-443B-892A-1CE0231C9B69}.Ad-Hoc|ARM.ActiveCfg = Release|Any CPU
		{E7AB9455-4F44-443B-892A-1CE0231C9B69}.Ad-Hoc|ARM.Build.0 = Release|Any CPU
		{E7AB9455-4F44-443B-892A-1CE0231C9B69}.Ad-Hoc|iPhone.ActiveCfg = Release|Any CPU
		{E7AB9455-4F44-443B-892A-1CE0231C9B69}.Ad-Hoc|iPhone.Build.0 = Release|Any CPU
		{E7AB9455-4F44-443B-892A-1CE0231C9B69}.Ad-Hoc|iPhoneSimulator.ActiveCfg = Release|Any CPU
		{E7AB9455-4F44-443B-892A-1CE0231C9B69}.Ad-Hoc|iPhoneSimulator.Build.0 = Release|Any CPU
		{E7AB9455-4F44-443B-892A-1CE0231C9B69}.Ad-Hoc|x64.ActiveCfg = Release|Any CPU
		{E7AB9455-4F44-443B-892A-1CE0231C9B69}.Ad-Hoc|x64.Build.0 = Release|Any CPU
		{E7AB9455-4F44-443B-892A-1CE0231C9B69}.Ad-Hoc|x86.ActiveCfg = Release|Any CPU
		{E7AB9455-4F44-443B-892A-1CE0231C9B69}.Ad-Hoc|x86.Build.0 = Release|Any CPU
		{E7AB9455-4F44-443B-892A-1CE0231C9B69}.AppStore|Any CPU.ActiveCfg = Release|Any CPU
		{E7AB9455-4F44-443B-892A-1CE0231C9B69}.AppStore|Any CPU.Build.0 = Release|Any CPU
		{E7AB9455-4F44-443B-892A-1CE0231C9B69}.AppStore|ARM.ActiveCfg = Release|Any CPU
		{E7AB9455-4F44-443B-892A-1CE0231C9B69}.AppStore|ARM.Build.0 = Release|Any CPU
		{E7AB9455-4F44-443B-892A-1CE0231C9B69}.AppStore|iPhone.ActiveCfg = Release|Any CPU
		{E7AB9455-4F44-443B-892A-1CE0231C9B69}.AppStore|iPhone.Build.0 = Release|Any CPU
		{E7AB9455-4F44-443B-892A-1CE0231C9B69}.AppStore|iPhoneSimulator.ActiveCfg = Release|Any CPU
		{E7AB9455-4F44-443B-892A-1CE0231C9B69}.AppStore|iPhoneSimulator.Build.0 = Release|Any CPU
		{E7AB9455-4F44-443B-892A-1CE0231C9B69}.AppStore|x64.ActiveCfg = Release|Any CPU
		{E7AB9455-4F44-443B-892A-1CE0231C9B69}.AppStore|x64.Build.0 = Release|Any CPU
		{E7AB9455-4F44-443B-892A-1CE0231C9B69}.AppStore|x86.ActiveCfg = Release|Any CPU
		{E7AB9455-4F44-443B-892A-1CE0231C9B69}.AppStore|x86.Build.0 = Release|Any CPU
		{E7AB9455-4F44-443B-892A-1CE0231C9B69}.Debug|Any CPU.ActiveCfg = Debug|Any CPU
		{E7AB9455-4F44-443B-892A-1CE0231C9B69}.Debug|Any CPU.Build.0 = Debug|Any CPU
		{E7AB9455-4F44-443B-892A-1CE0231C9B69}.Debug|ARM.ActiveCfg = Debug|Any CPU
		{E7AB9455-4F44-443B-892A-1CE0231C9B69}.Debug|ARM.Build.0 = Debug|Any CPU
		{E7AB9455-4F44-443B-892A-1CE0231C9B69}.Debug|iPhone.ActiveCfg = Debug|Any CPU
		{E7AB9455-4F44-443B-892A-1CE0231C9B69}.Debug|iPhone.Build.0 = Debug|Any CPU
		{E7AB9455-4F44-443B-892A-1CE0231C9B69}.Debug|iPhoneSimulator.ActiveCfg = Debug|Any CPU
		{E7AB9455-4F44-443B-892A-1CE0231C9B69}.Debug|iPhoneSimulator.Build.0 = Debug|Any CPU
		{E7AB9455-4F44-443B-892A-1CE0231C9B69}.Debug|x64.ActiveCfg = Debug|Any CPU
		{E7AB9455-4F44-443B-892A-1CE0231C9B69}.Debug|x64.Build.0 = Debug|Any CPU
		{E7AB9455-4F44-443B-892A-1CE0231C9B69}.Debug|x86.ActiveCfg = Debug|Any CPU
		{E7AB9455-4F44-443B-892A-1CE0231C9B69}.Debug|x86.Build.0 = Debug|Any CPU
		{E7AB9455-4F44-443B-892A-1CE0231C9B69}.Release|Any CPU.ActiveCfg = Release|Any CPU
		{E7AB9455-4F44-443B-892A-1CE0231C9B69}.Release|Any CPU.Build.0 = Release|Any CPU
		{E7AB9455-4F44-443B-892A-1CE0231C9B69}.Release|ARM.ActiveCfg = Release|Any CPU
		{E7AB9455-4F44-443B-892A-1CE0231C9B69}.Release|ARM.Build.0 = Release|Any CPU
		{E7AB9455-4F44-443B-892A-1CE0231C9B69}.Release|iPhone.ActiveCfg = Release|Any CPU
		{E7AB9455-4F44-443B-892A-1CE0231C9B69}.Release|iPhone.Build.0 = Release|Any CPU
		{E7AB9455-4F44-443B-892A-1CE0231C9B69}.Release|iPhoneSimulator.ActiveCfg = Release|Any CPU
		{E7AB9455-4F44-443B-892A-1CE0231C9B69}.Release|iPhoneSimulator.Build.0 = Release|Any CPU
		{E7AB9455-4F44-443B-892A-1CE0231C9B69}.Release|x64.ActiveCfg = Release|Any CPU
		{E7AB9455-4F44-443B-892A-1CE0231C9B69}.Release|x64.Build.0 = Release|Any CPU
		{E7AB9455-4F44-443B-892A-1CE0231C9B69}.Release|x86.ActiveCfg = Release|Any CPU
		{E7AB9455-4F44-443B-892A-1CE0231C9B69}.Release|x86.Build.0 = Release|Any CPU
	EndGlobalSection
	GlobalSection(SolutionProperties) = preSolution
		HideSolutionNode = FALSE
	EndGlobalSection
	GlobalSection(NestedProjects) = preSolution
		{E54CDC60-E907-4F14-A73C-A61DA701C593} = {9A5CBA55-E929-4CC2-90AA-1AA2C4BD9479}
		{A70DC46F-2830-4A43-8F43-37D544B554C3} = {9A5CBA55-E929-4CC2-90AA-1AA2C4BD9479}
		{E11CEB81-4D97-4D9E-A420-1EE6A50B6595} = {9A5CBA55-E929-4CC2-90AA-1AA2C4BD9479}
		{3FDB757D-C509-4A5F-98D1-81761D939DEB} = {9A5CBA55-E929-4CC2-90AA-1AA2C4BD9479}
		{4CA1B292-9AEF-441B-BBF9-F0DADD20147A} = {9A5CBA55-E929-4CC2-90AA-1AA2C4BD9479}
		{249BB693-CF0C-4E50-B328-340A939386BD} = {9A5CBA55-E929-4CC2-90AA-1AA2C4BD9479}
		{BA923866-6BD8-4A45-857B-9DBD50F8ED44} = {B94BBC34-AAD5-488C-8C01-7957222AD31C}
		{E7AB9455-4F44-443B-892A-1CE0231C9B69} = {3769C96C-2EC9-4BB6-B817-8BBEEEEFE702}
	EndGlobalSection
EndGlobal
